# This file is autogenerated, do not edit; changes may be undone by the next 'dep ensure'.


[[projects]]
  digest = "1:1fcea0c9ffdfd8254f3170e0678162587871cf522e377ea8116256f14d62f811"
  name = "github.com/dustin/go-humanize"
  packages = ["."]
  pruneopts = "NT"
  revision = "9f541cc9db5d55bce703bd99987c9d5cb8eea45e"
  version = "v1.0.0"

[[projects]]
  digest = "1:81466b4218bf6adddac2572a30ac733a9255919bc2f470b4827a317bd4ee1756"
  name = "github.com/ghodss/yaml"
  packages = ["."]
  pruneopts = "NT"
  revision = "0ca9ea5df5451ffdf184b4428c902747c2c11cd7"
  version = "v1.0.0"

[[projects]]
  digest = "1:331fe4e4cee05255c0079e18a9e043c446742c47a64ea00ce859048e2ee768c9"
  name = "github.com/go-ini/ini"
  packages = ["."]
  pruneopts = "NT"
  revision = "a9da9309fb4822643ceebb765f80025c35ac19a1"
  version = "v1.40.0"

[[projects]]
  digest = "1:4059c14e87a2de3a434430340521b5feece186c1469eff0834c29a63870de3ed"
  name = "github.com/konsorten/go-windows-terminal-sequences"
  packages = ["."]
  pruneopts = "NT"
  revision = "5c8c8bd35d3832f5d134ae1e1e375b69a4d25242"
  version = "v1.0.1"

[[projects]]
  digest = "1:4715cd0a4bb73b3200c797b1b109c7c2edf6a602747986acde22d2d78c930507"
  name = "github.com/minio/minio-go"
  packages = [
    ".",
    "pkg/credentials",
    "pkg/encrypt",
    "pkg/s3signer",
    "pkg/s3utils",
    "pkg/set",
  ]
  pruneopts = "NT"
  revision = "39381cf62425050629c7264228fc2f9e0c6616f6"
  version = "v6.0.11"

[[projects]]
  digest = "1:a4df73029d2c42fabcb6b41e327d2f87e685284ec03edf76921c267d9cfc9c23"
  name = "github.com/mitchellh/go-homedir"
  packages = ["."]
  pruneopts = "NT"
  revision = "ae18d6b8b3205b561c79e8e5f69bff09736185f4"
  version = "v1.0.0"

[[projects]]
  digest = "1:85f01dede6ea998126871d379a3a2d2d751ff55b951262eddb6b9277b1dc09e7"
  name = "github.com/nats-io/go-nats"
  packages = [
    ".",
    "encoders/builtin",
    "util",
  ]
  pruneopts = "NT"
  revision = "13c7fc7590db68b18f2015600f8765a02d705b5d"
  version = "v1.7.0"

[[projects]]
  digest = "1:7452c5b2a8a4d6684317ce99e39a17ec7c9efdf50112933e5fa7741049dcb63d"
  name = "github.com/nats-io/nkeys"
  packages = ["."]
  pruneopts = "NT"
  revision = "1546a3320a8f195a5b5c84aef8309377c2e411d5"
  version = "v0.0.2"

[[projects]]
  digest = "1:552100985450eaa4a8fa8d18fe8b6b1a04997c4d2ac24f154cc9471430cc4e1c"
  name = "github.com/nats-io/nuid"
  packages = ["."]
  pruneopts = "NT"
  revision = "289cccf02c178dc782430d534e3c1f5b72af807f"
  version = "v1.0.0"

[[projects]]
  digest = "1:d34a64bd0ab5cbd70a84da730424989cdd17b0bf637729b58e5bd9f235ca05be"
  name = "github.com/refunc/go-observer"
  packages = ["."]
  pruneopts = "NT"
  revision = "2b5c0039075a41408f1a33aa6391bd77d3e5a132"
  version = "v1.0.3"

[[projects]]
  branch = "master"
  digest = "1:07ef672dc70fe2abe231aceff64d53f4be4c5d58c514097e7867925b82b948d6"
  name = "github.com/refunc/refunc"
  packages = [
    "pkg/client",
    "pkg/env",
    "pkg/messages",
    "pkg/utils",
    "pkg/utils/cmdutil",
    "pkg/utils/cmdutil/flagtools",
    "pkg/utils/cmdutil/pflagenv",
  ]
  pruneopts = "NT"
  revision = "4c8dd1403e9f687941af40ba6462d57e27764dcf"

[[projects]]
  digest = "1:cd2f2cba5b7ffafd0412fb647ff4bcff170292de57270f05fbbf391e3eb9566b"
  name = "github.com/sirupsen/logrus"
  packages = ["."]
  pruneopts = "NT"
  revision = "bcd833dfe83d3cebad139e4a29ed79cb2318bf95"
  version = "v1.2.0"

[[projects]]
  digest = "1:9d8420bbf131d1618bde6530af37c3799340d3762cc47210c1d9532a4c3a2779"
  name = "github.com/spf13/pflag"
  packages = ["."]
  pruneopts = "NT"
  revision = "298182f68c66c05229eb03ac171abe6e309ee79a"
  version = "v1.0.3"

[[projects]]
  branch = "master"
  digest = "1:d6d3b59b8c4ceb6a7db2f20169719e57a8dcfa2c055b4418feb3fcc7bbd1a936"
  name = "golang.org/x/crypto"
  packages = [
    "argon2",
    "blake2b",
    "ed25519",
    "ed25519/internal/edwards25519",
    "ssh/terminal",
  ]
  pruneopts = "NT"
  revision = "505ab145d0a99da450461ae2c1a9f6cd10d1f447"

[[projects]]
  branch = "master"
  digest = "1:9300b9f62f41c3dded875b33117e09e9269790eb4372f5e96621f1e375ed5307"
  name = "golang.org/x/net"
  packages = [
    "http/httpguts",
    "idna",
  ]
  pruneopts = "NT"
  revision = "927f97764cc334a6575f4b7a1584a147864d5723"

[[projects]]
  branch = "master"
  digest = "1:ba9eac3f65b198913110d60538b661e03e799f72a6ed777d2b34106ce2f364b4"
  name = "golang.org/x/sys"
  packages = [
    "cpu",
    "unix",
    "windows",
  ]
  pruneopts = "NT"
  revision = "b4a75ba826a64a70990f11a225237acd6ef35c9f"

[[projects]]
  digest = "1:8c74f97396ed63cc2ef04ebb5fc37bb032871b8fd890a25991ed40974b00cd2a"
  name = "golang.org/x/text"
  packages = [
    "collate",
    "collate/build",
    "internal/colltab",
    "internal/gen",
    "internal/tag",
    "internal/triegen",
    "internal/ucd",
    "language",
    "secure/bidirule",
    "transform",
    "unicode/bidi",
    "unicode/cldr",
    "unicode/norm",
    "unicode/rangetable",
  ]
  pruneopts = "NT"
  revision = "f21a4dfb5e38f5895301dc265a8def02365cc3d0"
  version = "v0.3.0"

[[projects]]
  digest = "1:18108594151654e9e696b27b181b953f9a90b16bf14d253dd1b397b025a1487f"
  name = "gopkg.in/yaml.v2"
  packages = ["."]
  pruneopts = "NT"
  revision = "51d6538a90f86fe93ac480b35f37b2be17fef232"
  version = "v2.2.2"

[[projects]]
  digest = "1:f3b42f307c7f49a1a7276c48d4b910db76e003220e88797f7acd41e3a9277ddf"
  name = "k8s.io/klog"
  packages = ["."]
  pruneopts = "NT"
  revision = "a5bc97fbc634d635061f3146511332c7e313a55a"
  version = "v0.1.0"

[solve-meta]
  analyzer-name = "dep"
  analyzer-version = 1
  input-imports = [
    "github.com/nats-io/go-nats",
    "github.com/refunc/refunc/pkg/client",
    "github.com/refunc/refunc/pkg/env",
    "github.com/refunc/refunc/pkg/messages",
    "github.com/refunc/refunc/pkg/utils",
    "github.com/refunc/refunc/pkg/utils/cmdutil",
    "github.com/refunc/refunc/pkg/utils/cmdutil/flagtools",
    "github.com/spf13/pflag",
    "k8s.io/klog",
  ]
  solver-name = "gps-cdcl"
  solver-version = 1
